
Microsoft Visual Studio Solution File, Format Version 12.00
# Visual Studio 15
VisualStudioVersion = 15.0.28307.572
MinimumVisualStudioVersion = 10.0.40219.1
Project("{FAE04EC0-301F-11D3-BF4B-00C04F79EFBC}") = "Project", "PayrollProject\Project.csproj", "{1F489212-EAFF-4148-B503-52F560A7D6A0}"
EndProject
Project("{FAE04EC0-301F-11D3-BF4B-00C04F79EFBC}") = "FileLib", "FileReadWriteLib\FileLib.csproj", "{E3883C3B-AD08-45D3-B7C7-846B027EA345}"
EndProject
Project("{FAE04EC0-301F-11D3-BF4B-00C04F79EFBC}") = "BusinessRules", "PayRollLib\BusinessRules.csproj", "{7B88472C-BC7A-4D45-908A-5A9AF7953404}"
EndProject
Project("{FAE04EC0-301F-11D3-BF4B-00C04F79EFBC}") = "Test", "Test\Test.csproj", "{6D0A6ECC-38FB-462B-BE96-899BE73DB03E}"
EndProject
Global
	GlobalSection(SolutionConfigurationPlatforms) = preSolution
		Debug|Any CPU = Debug|Any CPU
		Release|Any CPU = Release|Any CPU
	EndGlobalSection
	GlobalSection(ProjectConfigurationPlatforms) = postSolution
		{1F489212-EAFF-4148-B503-52F560A7D6A0}.Debug|Any CPU.ActiveCfg = Debug|Any CPU
		{1F489212-EAFF-4148-B503-52F560A7D6A0}.Debug|Any CPU.Build.0 = Debug|Any CPU
		{1F489212-EAFF-4148-B503-52F560A7D6A0}.Release|Any CPU.ActiveCfg = Release|Any CPU
		{1F489212-EAFF-4148-B503-52F560A7D6A0}.Release|Any CPU.Build.0 = Release|Any CPU
		{E3883C3B-AD08-45D3-B7C7-846B027EA345}.Debug|Any CPU.ActiveCfg = Debug|Any CPU
		{E3883C3B-AD08-45D3-B7C7-846B027EA345}.Debug|Any CPU.Build.0 = Debug|Any CPU
		{E3883C3B-AD08-45D3-B7C7-846B027EA345}.Release|Any CPU.ActiveCfg = Release|Any CPU
		{E3883C3B-AD08-45D3-B7C7-846B027EA345}.Release|Any CPU.Build.0 = Release|Any CPU
		{7B88472C-BC7A-4D45-908A-5A9AF7953404}.Debug|Any CPU.ActiveCfg = Debug|Any CPU
		{7B88472C-BC7A-4D45-908A-5A9AF7953404}.Debug|Any CPU.Build.0 = Debug|Any CPU
		{7B88472C-BC7A-4D45-908A-5A9AF7953404}.Release|Any CPU.ActiveCfg = Release|Any CPU
		{7B88472C-BC7A-4D45-908A-5A9AF7953404}.Release|Any CPU.Build.0 = Release|Any CPU
		{6D0A6ECC-38FB-462B-BE96-899BE73DB03E}.Debug|Any CPU.ActiveCfg = Debug|Any CPU
		{6D0A6ECC-38FB-462B-BE96-899BE73DB03E}.Debug|Any CPU.Build.0 = Debug|Any CPU
		{6D0A6ECC-38FB-462B-BE96-899BE73DB03E}.Release|Any CPU.ActiveCfg = Release|Any CPU
		{6D0A6ECC-38FB-462B-BE96-899BE73DB03E}.Release|Any CPU.Build.0 = Release|Any CPU
	EndGlobalSection
	GlobalSection(SolutionProperties) = preSolution
		HideSolutionNode = FALSE
	EndGlobalSection
	GlobalSection(ExtensibilityGlobals) = postSolution
		SolutionGuid = {A45D95F0-5DCC-4066-B4A0-5A35CB37E804}
	EndGlobalSection
EndGlobal
